PODS:
  - Flutter (1.0.0)
  - LibMobileCoin/CoreHTTP (6.0.2):
    - SwiftProtobuf (~> 1.5)
  - MobileCoin/CoreHTTP (6.0.6):
    - LibMobileCoin/CoreHTTP (~> 6.0.0-pre1)
    - SwiftProtobuf (~> 1.28)
  - mobilecoin_flutter (0.2.3):
    - Flutter
    - MobileCoin/CoreHTTP (~> 6.0.6)
  - SwiftProtobuf (1.38.1)

DEPENDENCIES:
  - Flutter (from `Flutter`)
  - mobilecoin_flutter (from `.symlinks/plugins/mobilecoin_flutter/ios`)

SPEC REPOS:
  trunk:
    - LibMobileCoin
    - MobileCoin
    - SwiftProtobuf

EXTERNAL SOURCES:
  Flutter:
    :path: Flutter
  mobilecoin_flutter:
    :path: ".symlinks/plugins/mobilecoin_flutter/ios"

SPEC CHECKSUMS:
  Flutter: e0871f40cf51350855a761d2e70bf5af5b9b5de7
  LibMobileCoin: 8503f567fa32184a5be7bc038fbd727747dd9991
  MobileCoin: 351e04031a100e53de8cb1119b71a7bc2cede863
  mobilecoin_flutter: 0cc73d9522ae96e783f4b01d527ba5b9a4effda2
  SwiftProtobuf: 409d3aaec90e51b1705b1dd8065b56893450e77c

PODFILE CHECKSUM: 73c63f6aa998be55f4f1bd036bcf97f898c3b37d

COCOAPODS: 1.16.2
