PODS:
  - Flutter (1.0.0)
  - LibMobileCoin/CoreHTTP (6.0.2):
    - SwiftProtobuf (~> 1.5)
  - Logging (1.4.0)
  - MobileCoin/CoreHTTP (6.0.5):
    - LibMobileCoin/CoreHTTP (~> 6.0.0-pre1)
    - Logging (~> 1.4)
  - mobilecoin_flutter (0.2.1):
    - Flutter
    - MobileCoin/CoreHTTP (~> 6.0.5)
  - SwiftProtobuf (1.29.0)

DEPENDENCIES:
  - Flutter (from `Flutter`)
  - mobilecoin_flutter (from `.symlinks/plugins/mobilecoin_flutter/ios`)

SPEC REPOS:
  trunk:
    - LibMobileCoin
    - Logging
    - MobileCoin
    - SwiftProtobuf

EXTERNAL SOURCES:
  Flutter:
    :path: Flutter
  mobilecoin_flutter:
    :path: ".symlinks/plugins/mobilecoin_flutter/ios"

SPEC CHECKSUMS:
  Flutter: e0871f40cf51350855a761d2e70bf5af5b9b5de7
  LibMobileCoin: 8503f567fa32184a5be7bc038fbd727747dd9991
  Logging: beeb016c9c80cf77042d62e83495816847ef108b
  MobileCoin: 83110183a7ae9c19300379d081f4d93ebff78867
  mobilecoin_flutter: 32115688d9a76c70c2b9c3341ff41bbe8ee654b4
  SwiftProtobuf: b7aa08087e2ab6d162862d143020091254095f69

PODFILE CHECKSUM: 73c63f6aa998be55f4f1bd036bcf97f898c3b37d

COCOAPODS: 1.16.2
